// !$*UTF8*$!
{
	archiveVersion = 1;
	classes = {
	};
	objectVersion = 46;
	objects = {

/* Begin PBXBuildFile section */
		42A741F41DF24CB50047A6C7 /* AppDelegate.swift in Sources */ = {isa = PBXBuildFile; fileRef = 42A741F31DF24CB50047A6C7 /* AppDelegate.swift */; };
		42A741F61DF24CB50047A6C7 /* ViewController.swift in Sources */ = {isa = PBXBuildFile; fileRef = 42A741F51DF24CB50047A6C7 /* ViewController.swift */; };
		42A741F91DF24CB50047A6C7 /* Main.storyboard in Resources */ = {isa = PBXBuildFile; fileRef = 42A741F71DF24CB50047A6C7 /* Main.storyboard */; };
		42A741FB1DF24CB50047A6C7 /* Assets.xcassets in Resources */ = {isa = PBXBuildFile; fileRef = 42A741FA1DF24CB50047A6C7 /* Assets.xcassets */; };
		42A741FE1DF24CB50047A6C7 /* LaunchScreen.storyboard in Resources */ = {isa = PBXBuildFile; fileRef = 42A741FC1DF24CB50047A6C7 /* LaunchScreen.storyboard */; };
		42A742091DF24CB60047A6C7 /* DemoTests.swift in Sources */ = {isa = PBXBuildFile; fileRef = 42A742081DF24CB60047A6C7 /* DemoTests.swift */; };
		42A742141DF24CB60047A6C7 /* DemoUITests.swift in Sources */ = {isa = PBXBuildFile; fileRef = 42A742131DF24CB60047A6C7 /* DemoUITests.swift */; };
/* End PBXBuildFile section */

/* Begin PBXContainerItemProxy section */
		42A742051DF24CB60047A6C7 /* PBXContainerItemProxy */ = {
			isa = PBXContainerItemProxy;
			containerPortal = 42A741E81DF24CB40047A6C7 /* Project object */;
			proxyType = 1;
			remoteGlobalIDString = 42A741EF1DF24CB50047A6C7;
			remoteInfo = Demo;
		};
		42A742101DF24CB60047A6C7 /* PBXContainerItemProxy */ = {
			isa = PBXContainerItemProxy;
			containerPortal = 42A741E81DF24CB40047A6C7 /* Project object */;
			proxyType = 1;
			remoteGlobalIDString = 42A741EF1DF24CB50047A6C7;
			remoteInfo = Demo;
		};
/* End PBXContainerItemProxy section */

/* Begin PBXFileReference section */
		42A741F01DF24CB50047A6C7 /* Demo.app */ = {isa = PBXFileReference; explicitFileType = wrapper.application; includeInIndex = 0; path = Demo.app; sourceTree = BUILT_PRODUCTS_DIR; };
		42A741F31DF24CB50047A6C7 /* AppDelegate.swift */ = {isa = PBXFileReference; lastKnownFileType = sourcecode.swift; path = AppDelegate.swift; sourceTree = "<group>"; };
		42A741F51DF24CB50047A6C7 /* ViewController.swift */ = {isa = PBXFileReference; lastKnownFileType = sourcecode.swift; path = ViewController.swift; sourceTree = "<group>"; };
		42A741F81DF24CB50047A6C7 /* Base */ = {isa = PBXFileReference; lastKnownFileType = file.storyboard; name = Base; path = Base.lproj/Main.storyboard; sourceTree = "<group>"; };
		42A741FA1DF24CB50047A6C7 /* Assets.xcassets */ = {isa = PBXFileReference; lastKnownFileType = folder.assetcatalog; path = Assets.xcassets; sourceTree = "<group>"; };
		42A741FD1DF24CB50047A6C7 /* Base */ = {isa = PBXFileReference; lastKnownFileType = file.storyboard; name = Base; path = Base.lproj/LaunchScreen.storyboard; sourceTree = "<group>"; };
		42A741FF1DF24CB50047A6C7 /* Info.plist */ = {isa = PBXFileReference; lastKnownFileType = text.plist.xml; path = Info.plist; sourceTree = "<group>"; };
		42A742041DF24CB60047A6C7 /* DemoTests.xctest */ = {isa = PBXFileReference; explicitFileType = wrapper.cfbundle; includeInIndex = 0; path = DemoTests.xctest; sourceTree = BUILT_PRODUCTS_DIR; };
		42A742081DF24CB60047A6C7 /* DemoTests.swift */ = {isa = PBXFileReference; lastKnownFileType = sourcecode.swift; path = DemoTests.swift; sourceTree = "<group>"; };
		42A7420A1DF24CB60047A6C7 /* Info.plist */ = {isa = PBXFileReference; lastKnownFileType = text.plist.xml; path = Info.plist; sourceTree = "<group>"; };
		42A7420F1DF24CB60047A6C7 /* DemoUITests.xctest */ = {isa = PBXFileReference; explicitFileType = wrapper.cfbundle; includeInIndex = 0; path = DemoUITests.xctest; sourceTree = BUILT_PRODUCTS_DIR; };
		42A742131DF24CB60047A6C7 /* DemoUITests.swift */ = {isa = PBXFileReference; lastKnownFileType = sourcecode.swift; path = DemoUITests.swift; sourceTree = "<group>"; };
		42A742151DF24CB60047A6C7 /* Info.plist */ = {isa = PBXFileReference; lastKnownFileType = text.plist.xml; path = Info.plist; sourceTree = "<group>"; };
/* End PBXFileReference section */

/* Begin PBXFrameworksBuildPhase section */
		42A741ED1DF24CB50047A6C7 /* Frameworks */ = {
			isa = PBXFrameworksBuildPhase;
			buildActionMask = 2147483647;
			files = (
			);
			runOnlyForDeploymentPostprocessing = 0;
		};
		42A742011DF24CB60047A6C7 /* Frameworks */ = {
			isa = PBXFrameworksBuildPhase;
			buildActionMask = 2147483647;
			files = (
			);
			runOnlyForDeploymentPostprocessing = 0;
		};
		42A7420C1DF24CB60047A6C7 /* Frameworks */ = {
			isa = PBXFrameworksBuildPhase;
			buildActionMask = 2147483647;
			files = (
			);
			runOnlyForDeploymentPostprocessing = 0;
		};
/* End PBXFrameworksBuildPhase section */

/* Begin PBXGroup section */
		42A741E71DF24CB40047A6C7 = {
			isa = PBXGroup;
			children = (
				42A741F21DF24CB50047A6C7 /* Demo */,
				42A742071DF24CB60047A6C7 /* DemoTests */,
				42A742121DF24CB60047A6C7 /* DemoUITests */,
				42A741F11DF24CB50047A6C7 /* Products */,
			);
			sourceTree = "<group>";
		};
		42A741F11DF24CB50047A6C7 /* Products */ = {
			isa = PBXGroup;
			children = (
				42A741F01DF24CB50047A6C7 /* Demo.app */,
				42A742041DF24CB60047A6C7 /* DemoTests.xctest */,
				42A7420F1DF24CB60047A6C7 /* DemoUITests.xctest */,
			);
			name = Products;
			sourceTree = "<group>";
		};
		42A741F21DF24CB50047A6C7 /* Demo */ = {
			isa = PBXGroup;
			children = (
				42A741F31DF24CB50047A6C7 /* AppDelegate.swift */,
				42A741F51DF24CB50047A6C7 /* ViewController.swift */,
				42A741F71DF24CB50047A6C7 /* Main.storyboard */,
				42A741FA1DF24CB50047A6C7 /* Assets.xcassets */,
				42A741FC1DF24CB50047A6C7 /* LaunchScreen.storyboard */,
				42A741FF1DF24CB50047A6C7 /* Info.plist */,
			);
			path = Demo;
			sourceTree = "<group>";
		};
		42A742071DF24CB60047A6C7 /* DemoTests */ = {
			isa = PBXGroup;
			children = (
				42A742081DF24CB60047A6C7 /* DemoTests.swift */,
				42A7420A1DF24CB60047A6C7 /* Info.plist */,
			);
			path = DemoTests;
			sourceTree = "<group>";
		};
		42A742121DF24CB60047A6C7 /* DemoUITests */ = {
			isa = PBXGroup;
			children = (
				42A742131DF24CB60047A6C7 /* DemoUITests.swift */,
				42A742151DF24CB60047A6C7 /* Info.plist */,
			);
			path = DemoUITests;
			sourceTree = "<group>";
		};
/* End PBXGroup section */

/* Begin PBXNativeTarget section */
		42A741EF1DF24CB50047A6C7 /* Demo */ = {
			isa = PBXNativeTarget;
			buildConfigurationList = 42A742181DF24CB60047A6C7 /* Build configuration list for PBXNativeTarget "Demo" */;
			buildPhases = (
				42A741EC1DF24CB50047A6C7 /* Sources */,
				42A741ED1DF24CB50047A6C7 /* Frameworks */,
				42A741EE1DF24CB50047A6C7 /* Resources */,
			);
			buildRules = (
			);
			dependencies = (
			);
			name = Demo;
			productName = Demo;
			productReference = 42A741F01DF24CB50047A6C7 /* Demo.app */;
			productType = "com.apple.product-type.application";
		};
		42A742031DF24CB60047A6C7 /* DemoTests */ = {
			isa = PBXNativeTarget;
			buildConfigurationList = 42A7421B1DF24CB60047A6C7 /* Build configuration list for PBXNativeTarget "DemoTests" */;
			buildPhases = (
				42A742001DF24CB60047A6C7 /* Sources */,
				42A742011DF24CB60047A6C7 /* Frameworks */,
				42A742021DF24CB60047A6C7 /* Resources */,
			);
			buildRules = (
			);
			dependencies = (
				42A742061DF24CB60047A6C7 /* PBXTargetDependency */,
			);
			name = DemoTests;
			productName = DemoTests;
			productReference = 42A742041DF24CB60047A6C7 /* DemoTests.xctest */;
			productType = "com.apple.product-type.bundle.unit-test";
		};
		42A7420E1DF24CB60047A6C7 /* DemoUITests */ = {
			isa = PBXNativeTarget;
			buildConfigurationList = 42A7421E1DF24CB60047A6C7 /* Build configuration list for PBXNativeTarget "DemoUITests" */;
			buildPhases = (
				42A7420B1DF24CB60047A6C7 /* Sources */,
				42A7420C1DF24CB60047A6C7 /* Frameworks */,
				42A7420D1DF24CB60047A6C7 /* Resources */,
			);
			buildRules = (
			);
			dependencies = (
				42A742111DF24CB60047A6C7 /* PBXTargetDependency */,
			);
			name = DemoUITests;
			productName = DemoUITests;
			productReference = 42A7420F1DF24CB60047A6C7 /* DemoUITests.xctest */;
			productType = "com.apple.product-type.bundle.ui-testing";
		};
/* End PBXNativeTarget section */

/* Begin PBXProject section */
		42A741E81DF24CB40047A6C7 /* Project object */ = {
			isa = PBXProject;
			attributes = {
				LastSwiftUpdateCheck = 0810;
				LastUpgradeCheck = 0810;
				ORGANIZATIONNAME = isc;
				TargetAttributes = {
					42A741EF1DF24CB50047A6C7 = {
						CreatedOnToolsVersion = 8.1;
						ProvisioningStyle = Automatic;
					};
					42A742031DF24CB60047A6C7 = {
						CreatedOnToolsVersion = 8.1;
						ProvisioningStyle = Automatic;
						TestTargetID = 42A741EF1DF24CB50047A6C7;
					};
					42A7420E1DF24CB60047A6C7 = {
						CreatedOnToolsVersion = 8.1;
						ProvisioningStyle = Automatic;
						TestTargetID = 42A741EF1DF24CB50047A6C7;
					};
				};
			};
			buildConfigurationList = 42A741EB1DF24CB40047A6C7 /* Build configuration list for PBXProject "Demo" */;
			compatibilityVersion = "Xcode 3.2";
			developmentRegion = English;
			hasScannedForEncodings = 0;
			knownRegions = (
				en,
				Base,
			);
			mainGroup = 42A741E71DF24CB40047A6C7;
			productRefGroup = 42A741F11DF24CB50047A6C7 /* Products */;
			projectDirPath = "";
			projectRoot = "";
			targets = (
				42A741EF1DF24CB50047A6C7 /* Demo */,
				42A742031DF24CB60047A6C7 /* DemoTests */,
				42A7420E1DF24CB60047A6C7 /* DemoUITests */,
			);
		};
/* End PBXProject section */

/* Begin PBXResourcesBuildPhase section */
		42A741EE1DF24CB50047A6C7 /* Resources */ = {
			isa = PBXResourcesBuildPhase;
			buildActionMask = 2147483647;
			files = (
				42A741FE1DF24CB50047A6C7 /* LaunchScreen.storyboard in Resources */,
				42A741FB1DF24CB50047A6C7 /* Assets.xcassets in Resources */,
				42A741F91DF24CB50047A6C7 /* Main.storyboard in Resources */,
			);
			runOnlyForDeploymentPostprocessing = 0;
		};
		42A742021DF24CB60047A6C7 /* Resources */ = {
			isa = PBXResourcesBuildPhase;
			buildActionMask = 2147483647;
			files = (
			);
			runOnlyForDeploymentPostprocessing = 0;
		};
		42A7420D1DF24CB60047A6C7 /* Resources */ = {
			isa = PBXResourcesBuildPhase;
			buildActionMask = 2147483647;
			files = (
			);
			runOnlyForDeploymentPostprocessing = 0;
		};
/* End PBXResourcesBuildPhase section */

/* Begin PBXSourcesBuildPhase section */
		42A741EC1DF24CB50047A6C7 /* Sources */ = {
			isa = PBXSourcesBuildPhase;
			buildActionMask = 2147483647;
			files = (
				42A741F61DF24CB50047A6C7 /* ViewController.swift in Sources */,
				42A741F41DF24CB50047A6C7 /* AppDelegate.swift in Sources */,
			);
			runOnlyForDeploymentPostprocessing = 0;
		};
		42A742001DF24CB60047A6C7 /* Sources */ = {
			isa = PBXSourcesBuildPhase;
			buildActionMask = 2147483647;
			files = (
				42A742091DF24CB60047A6C7 /* DemoTests.swift in Sources */,
			);
			runOnlyForDeploymentPostprocessing = 0;
		};
		42A7420B1DF24CB60047A6C7 /* Sources */ = {
			isa = PBXSourcesBuildPhase;
			buildActionMask = 2147483647;
			files = (
				42A742141DF24CB60047A6C7 /* DemoUITests.swift in Sources */,
			);
			runOnlyForDeploymentPostprocessing = 0;
		};
/* End PBXSourcesBuildPhase section */

/* Begin PBXTargetDependency section */
		42A742061DF24CB60047A6C7 /* PBXTargetDependency */ = {
			isa = PBXTargetDependency;
			target = 42A741EF1DF24CB50047A6C7 /* Demo */;
			targetProxy = 42A742051DF24CB60047A6C7 /* PBXContainerItemProxy */;
		};
		42A742111DF24CB60047A6C7 /* PBXTargetDependency */ = {
			isa = PBXTargetDependency;
			target = 42A741EF1DF24CB50047A6C7 /* Demo */;
			targetProxy = 42A742101DF24CB60047A6C7 /* PBXContainerItemProxy */;
		};
/* End PBXTargetDependency section */

/* Begin PBXVariantGroup section */
		42A741F71DF24CB50047A6C7 /* Main.storyboard */ = {
			isa = PBXVariantGroup;
			children = (
				42A741F81DF24CB50047A6C7 /* Base */,
			);
			name = Main.storyboard;
			sourceTree = "<group>";
		};
		42A741FC1DF24CB50047A6C7 /* LaunchScreen.storyboard */ = {
			isa = PBXVariantGroup;
			children = (
				42A741FD1DF24CB50047A6C7 /* Base */,
			);
			name = LaunchScreen.storyboard;
			sourceTree = "<group>";
		};
/* End PBXVariantGroup section */

/* Begin XCBuildConfiguration section */
		42A742161DF24CB60047A6C7 /* Debug */ = {
			isa = XCBuildConfiguration;
			buildSettings = {
				ALWAYS_SEARCH_USER_PATHS = NO;
				CLANG_ANALYZER_NONNULL = YES;
				CLANG_CXX_LANGUAGE_STANDARD = "gnu++0x";
				CLANG_CXX_LIBRARY = "libc++";
				CLANG_ENABLE_MODULES = YES;
				CLANG_ENABLE_OBJC_ARC = YES;
				CLANG_WARN_BOOL_CONVERSION = YES;
				CLANG_WARN_CONSTANT_CONVERSION = YES;
				CLANG_WARN_DIRECT_OBJC_ISA_USAGE = YES_ERROR;
				CLANG_WARN_DOCUMENTATION_COMMENTS = YES;
				CLANG_WARN_EMPTY_BODY = YES;
				CLANG_WARN_ENUM_CONVERSION = YES;
				CLANG_WARN_INFINITE_RECURSION = YES;
				CLANG_WARN_INT_CONVERSION = YES;
				CLANG_WARN_OBJC_ROOT_CLASS = YES_ERROR;
				CLANG_WARN_SUSPICIOUS_MOVES = YES;
				CLANG_WARN_UNREACHABLE_CODE = YES;
				CLANG_WARN__DUPLICATE_METHOD_MATCH = YES;
				"CODE_SIGN_IDENTITY[sdk=iphoneos*]" = "iPhone Developer";
				COPY_PHASE_STRIP = NO;
				DEBUG_INFORMATION_FORMAT = dwarf;
				ENABLE_STRICT_OBJC_MSGSEND = YES;
				ENABLE_TESTABILITY = YES;
				GCC_C_LANGUAGE_STANDARD = gnu99;
				GCC_DYNAMIC_NO_PIC = NO;
				GCC_NO_COMMON_BLOCKS = YES;
				GCC_OPTIMIZATION_LEVEL = 0;
				GCC_PREPROCESSOR_DEFINITIONS = (
					"DEBUG=1",
					"$(inherited)",
				);
				GCC_WARN_64_TO_32_BIT_CONVERSION = YES;
				GCC_WARN_ABOUT_RETURN_TYPE = YES_ERROR;
				GCC_WARN_UNDECLARED_SELECTOR = YES;
				GCC_WARN_UNINITIALIZED_AUTOS = YES_AGGRESSIVE;
				GCC_WARN_UNUSED_FUNCTION = YES;
				GCC_WARN_UNUSED_VARIABLE = YES;
				IPHONEOS_DEPLOYMENT_TARGET = 10.1;
				MTL_ENABLE_DEBUG_INFO = YES;
				ONLY_ACTIVE_ARCH = YES;
				SDKROOT = iphoneos;
				SWIFT_ACTIVE_COMPILATION_CONDITIONS = DEBUG;
				SWIFT_OPTIMIZATION_LEVEL = "-Onone";
			};
			name = Debug;
		};
		42A742171DF24CB60047A6C7 /* Release */ = {
			isa = XCBuildConfiguration;
			buildSettings = {
				ALWAYS_SEARCH_USER_PATHS = NO;
				CLANG_ANALYZER_NONNULL = YES;
				CLANG_CXX_LANGUAGE_STANDARD = "gnu++0x";
				CLANG_CXX_LIBRARY = "libc++";
				CLANG_ENABLE_MODULES = YES;
				CLANG_ENABLE_OBJC_ARC = YES;
				CLANG_WARN_BOOL_CONVERSION = YES;
				CLANG_WARN_CONSTANT_CONVERSION = YES;
				CLANG_WARN_DIRECT_OBJC_ISA_USAGE = YES_ERROR;
				CLANG_WARN_DOCUMENTATION_COMMENTS = YES;
				CLANG_WARN_EMPTY_BODY = YES;
				CLANG_WARN_ENUM_CONVERSION = YES;
				CLANG_WARN_INFINITE_RECURSION = YES;
				CLANG_WARN_INT_CONVERSION = YES;
				CLANG_WARN_OBJC_ROOT_CLASS = YES_ERROR;
				CLANG_WARN_SUSPICIOUS_MOVES = YES;
				CLANG_WARN_UNREACHABLE_CODE = YES;
				CLANG_WARN__DUPLICATE_METHOD_MATCH = YES;
				"CODE_SIGN_IDENTITY[sdk=iphoneos*]" = "iPhone Developer";
				COPY_PHASE_STRIP = NO;
				DEBUG_INFORMATION_FORMAT = "dwarf-with-dsym";
				ENABLE_NS_ASSERTIONS = NO;
				ENABLE_STRICT_OBJC_MSGSEND = YES;
				GCC_C_LANGUAGE_STANDARD = gnu99;
				GCC_NO_COMMON_BLOCKS = YES;
				GCC_WARN_64_TO_32_BIT_CONVERSION = YES;
				GCC_WARN_ABOUT_RETURN_TYPE = YES_ERROR;
				GCC_WARN_UNDECLARED_SELECTOR = YES;
				GCC_WARN_UNINITIALIZED_AUTOS = YES_AGGRESSIVE;
				GCC_WARN_UNUSED_FUNCTION = YES;
				GCC_WARN_UNUSED_VARIABLE = YES;
				IPHONEOS_DEPLOYMENT_TARGET = 10.1;
				MTL_ENABLE_DEBUG_INFO = NO;
				SDKROOT = iphoneos;
				SWIFT_OPTIMIZATION_LEVEL = "-Owholemodule";
				VALIDATE_PRODUCT = YES;
			};
			name = Release;
		};
		42A742191DF24CB60047A6C7 /* Debug */ = {
			isa = XCBuildConfiguration;
			buildSettings = {
				ASSETCATALOG_COMPILER_APPICON_NAME = AppIcon;
				INFOPLIST_FILE = Demo/Info.plist;
				LD_RUNPATH_SEARCH_PATHS = "$(inherited) @executable_path/Frameworks";
				PRODUCT_BUNDLE_IDENTIFIER = mx.edu.textijuana.Demo;
				PRODUCT_NAME = "$(TARGET_NAME)";
				SWIFT_VERSION = 3.0;
			};
			name = Debug;
		};
		42A7421A1DF24CB60047A6C7 /* Release */ = {
			isa = XCBuildConfiguration;
			buildSettings = {
				ASSETCATALOG_COMPILER_APPICON_NAME = AppIcon;
				INFOPLIST_FILE = Demo/Info.plist;
				LD_RUNPATH_SEARCH_PATHS = "$(inherited) @executable_path/Frameworks";
				PRODUCT_BUNDLE_IDENTIFIER = mx.edu.textijuana.Demo;
				PRODUCT_NAME = "$(TARGET_NAME)";
				SWIFT_VERSION = 3.0;
			};
			name = Release;
		};
		42A7421C1DF24CB60047A6C7 /* Debug */ = {
			isa = XCBuildConfiguration;
			buildSettings = {
				ALWAYS_EMBED_SWIFT_STANDARD_LIBRARIES = YES;
				BUNDLE_LOADER = "$(TEST_HOST)";
				INFOPLIST_FILE = DemoTests/Info.plist;
				LD_RUNPATH_SEARCH_PATHS = "$(inherited) @executable_path/Frameworks @loader_path/Frameworks";
				PRODUCT_BUNDLE_IDENTIFIER = mx.edu.textijuana.DemoTests;
				PRODUCT_NAME = "$(TARGET_NAME)";
				SWIFT_VERSION = 3.0;
				TEST_HOST = "$(BUILT_PRODUCTS_DIR)/Demo.app/Demo";
			};
			name = Debug;
		};
		42A7421D1DF24CB60047A6C7 /* Release */ = {
			isa = XCBuildConfiguration;
			buildSettings = {
				ALWAYS_EMBED_SWIFT_STANDARD_LIBRARIES = YES;
				BUNDLE_LOADER = "$(TEST_HOST)";
				INFOPLIST_FILE = DemoTests/Info.plist;
				LD_RUNPATH_SEARCH_PATHS = "$(inherited) @executable_path/Frameworks @loader_path/Frameworks";
				PRODUCT_BUNDLE_IDENTIFIER = mx.edu.textijuana.DemoTests;
				PRODUCT_NAME = "$(TARGET_NAME)";
				SWIFT_VERSION = 3.0;
				TEST_HOST = "$(BUILT_PRODUCTS_DIR)/Demo.app/Demo";
			};
			name = Release;
		};
		42A7421F1DF24CB60047A6C7 /* Debug */ = {
			isa = XCBuildConfiguration;
			buildSettings = {
				ALWAYS_EMBED_SWIFT_STANDARD_LIBRARIES = YES;
				INFOPLIST_FILE = DemoUITests/Info.plist;
				LD_RUNPATH_SEARCH_PATHS = "$(inherited) @executable_path/Frameworks @loader_path/Frameworks";
				PRODUCT_BUNDLE_IDENTIFIER = mx.edu.textijuana.DemoUITests;
				PRODUCT_NAME = "$(TARGET_NAME)";
				SWIFT_VERSION = 3.0;
				TEST_TARGET_NAME = Demo;
			};
			name = Debug;
		};
		42A742201DF24CB60047A6C7 /* Release */ = {
			isa = XCBuildConfiguration;
			buildSettings = {
				ALWAYS_EMBED_SWIFT_STANDARD_LIBRARIES = YES;
				INFOPLIST_FILE = DemoUITests/Info.plist;
				LD_RUNPATH_SEARCH_PATHS = "$(inherited) @executable_path/Frameworks @loader_path/Frameworks";
				PRODUCT_BUNDLE_IDENTIFIER = mx.edu.textijuana.DemoUITests;
				PRODUCT_NAME = "$(TARGET_NAME)";
				SWIFT_VERSION = 3.0;
				TEST_TARGET_NAME = Demo;
			};
			name = Release;
		};
/* End XCBuildConfiguration section */

/* Begin XCConfigurationList section */
		42A741EB1DF24CB40047A6C7 /* Build configuration list for PBXProject "Demo" */ = {
			isa = XCConfigurationList;
			buildConfigurations = (
				42A742161DF24CB60047A6C7 /* Debug */,
				42A742171DF24CB60047A6C7 /* Release */,
			);
			defaultConfigurationIsVisible = 0;
			defaultConfigurationName = Release;
		};
		42A742181DF24CB60047A6C7 /* Build configuration list for PBXNativeTarget "Demo" */ = {
			isa = XCConfigurationList;
			buildConfigurations = (
				42A742191DF24CB60047A6C7 /* Debug */,
				42A7421A1DF24CB60047A6C7 /* Release */,
			);
			defaultConfigurationIsVisible = 0;
		};
		42A7421B1DF24CB60047A6C7 /* Build configuration list for PBXNativeTarget "DemoTests" */ = {
			isa = XCConfigurationList;
			buildConfigurations = (
				42A7421C1DF24CB60047A6C7 /* Debug */,
				42A7421D1DF24CB60047A6C7 /* Release */,
			);
			defaultConfigurationIsVisible = 0;
		};
		42A7421E1DF24CB60047A6C7 /* Build configuration list for PBXNativeTarget "DemoUITests" */ = {
			isa = XCConfigurationList;
			buildConfigurations = (
				42A7421F1DF24CB60047A6C7 /* Debug */,
				42A742201DF24CB60047A6C7 /* Release */,
			);
			defaultConfigurationIsVisible = 0;
		};
/* End XCConfigurationList section */
	};
	rootObject = 42A741E81DF24CB40047A6C7 /* Project object */;
}
